// !$*UTF8*$!
{
	archiveVersion = 1;
	classes = {
	};
	objectVersion = 56;
	objects = {

/* Begin PBXBuildFile section */
		A6FFDE8B2C2079A700B9AD18 /* Umufasha_AppApp.swift in Sources */ = {isa = PBXBuildFile; fileRef = A6FFDE8A2C2079A700B9AD18 /* Umufasha_AppApp.swift */; };
		A6FFDE8D2C2079A700B9AD18 /* ContentView.swift in Sources */ = {isa = PBXBuildFile; fileRef = A6FFDE8C2C2079A700B9AD18 /* ContentView.swift */; };
		A6FFDE8F2C2079A900B9AD18 /* Assets.xcassets in Resources */ = {isa = PBXBuildFile; fileRef = A6FFDE8E2C2079A900B9AD18 /* Assets.xcassets */; };
		A6FFDE922C2079A900B9AD18 /* Preview Assets.xcassets in Resources */ = {isa = PBXBuildFile; fileRef = A6FFDE912C2079A900B9AD18 /* Preview Assets.xcassets */; };
		A6FFDE9C2C2079A900B9AD18 /* Umufasha_AppTests.swift in Sources */ = {isa = PBXBuildFile; fileRef = A6FFDE9B2C2079A900B9AD18 /* Umufasha_AppTests.swift */; };
		A6FFDEA62C2079A900B9AD18 /* Umufasha_AppUITests.swift in Sources */ = {isa = PBXBuildFile; fileRef = A6FFDEA52C2079A900B9AD18 /* Umufasha_AppUITests.swift */; };
		A6FFDEA82C2079A900B9AD18 /* Umufasha_AppUITestsLaunchTests.swift in Sources */ = {isa = PBXBuildFile; fileRef = A6FFDEA72C2079A900B9AD18 /* Umufasha_AppUITestsLaunchTests.swift */; };
/* End PBXBuildFile section */

/* Begin PBXContainerItemProxy section */
		A6FFDE982C2079A900B9AD18 /* PBXContainerItemProxy */ = {
			isa = PBXContainerItemProxy;
			containerPortal = A6FFDE7F2C2079A700B9AD18 /* Project object */;
			proxyType = 1;
			remoteGlobalIDString = A6FFDE862C2079A700B9AD18;
			remoteInfo = Umufasha_App;
		};
		A6FFDEA22C2079A900B9AD18 /* PBXContainerItemProxy */ = {
			isa = PBXContainerItemProxy;
			containerPortal = A6FFDE7F2C2079A700B9AD18 /* Project object */;
			proxyType = 1;
			remoteGlobalIDString = A6FFDE862C2079A700B9AD18;
			remoteInfo = Umufasha_App;
		};
/* End PBXContainerItemProxy section */

/* Begin PBXFileReference section */
		A6FFDE872C2079A700B9AD18 /* Umufasha_App.app */ = {isa = PBXFileReference; explicitFileType = wrapper.application; includeInIndex = 0; path = Umufasha_App.app; sourceTree = BUILT_PRODUCTS_DIR; };
		A6FFDE8A2C2079A700B9AD18 /* Umufasha_AppApp.swift */ = {isa = PBXFileReference; lastKnownFileType = sourcecode.swift; path = Umufasha_AppApp.swift; sourceTree = "<group>"; };
		A6FFDE8C2C2079A700B9AD18 /* ContentView.swift */ = {isa = PBXFileReference; lastKnownFileType = sourcecode.swift; path = ContentView.swift; sourceTree = "<group>"; };
		A6FFDE8E2C2079A900B9AD18 /* Assets.xcassets */ = {isa = PBXFileReference; lastKnownFileType = folder.assetcatalog; path = Assets.xcassets; sourceTree = "<group>"; };
		A6FFDE912C2079A900B9AD18 /* Preview Assets.xcassets */ = {isa = PBXFileReference; lastKnownFileType = folder.assetcatalog; path = "Preview Assets.xcassets"; sourceTree = "<group>"; };
		A6FFDE972C2079A900B9AD18 /* Umufasha_AppTests.xctest */ = {isa = PBXFileReference; explicitFileType = wrapper.cfbundle; includeInIndex = 0; path = Umufasha_AppTests.xctest; sourceTree = BUILT_PRODUCTS_DIR; };
		A6FFDE9B2C2079A900B9AD18 /* Umufasha_AppTests.swift */ = {isa = PBXFileReference; lastKnownFileType = sourcecode.swift; path = Umufasha_AppTests.swift; sourceTree = "<group>"; };
		A6FFDEA12C2079A900B9AD18 /* Umufasha_AppUITests.xctest */ = {isa = PBXFileReference; explicitFileType = wrapper.cfbundle; includeInIndex = 0; path = Umufasha_AppUITests.xctest; sourceTree = BUILT_PRODUCTS_DIR; };
		A6FFDEA52C2079A900B9AD18 /* Umufasha_AppUITests.swift */ = {isa = PBXFileReference; lastKnownFileType = sourcecode.swift; path = Umufasha_AppUITests.swift; sourceTree = "<group>"; };
		A6FFDEA72C2079A900B9AD18 /* Umufasha_AppUITestsLaunchTests.swift */ = {isa = PBXFileReference; lastKnownFileType = sourcecode.swift; path = Umufasha_AppUITestsLaunchTests.swift; sourceTree = "<group>"; };
/* End PBXFileReference section */

/* Begin PBXFrameworksBuildPhase section */
		A6FFDE842C2079A700B9AD18 /* Frameworks */ = {
			isa = PBXFrameworksBuildPhase;
			buildActionMask = 2147483647;
			files = (
			);
			runOnlyForDeploymentPostprocessing = 0;
		};
		A6FFDE942C2079A900B9AD18 /* Frameworks */ = {
			isa = PBXFrameworksBuildPhase;
			buildActionMask = 2147483647;
			files = (
			);
			runOnlyForDeploymentPostprocessing = 0;
		};
		A6FFDE9E2C2079A900B9AD18 /* Frameworks */ = {
			isa = PBXFrameworksBuildPhase;
			buildActionMask = 2147483647;
			files = (
			);
			runOnlyForDeploymentPostprocessing = 0;
		};
/* End PBXFrameworksBuildPhase section */

/* Begin PBXGroup section */
		A6FFDE7E2C2079A700B9AD18 = {
			isa = PBXGroup;
			children = (
				A6FFDE892C2079A700B9AD18 /* Umufasha_App */,
				A6FFDE9A2C2079A900B9AD18 /* Umufasha_AppTests */,
				A6FFDEA42C2079A900B9AD18 /* Umufasha_AppUITests */,
				A6FFDE882C2079A700B9AD18 /* Products */,
			);
			sourceTree = "<group>";
		};
		A6FFDE882C2079A700B9AD18 /* Products */ = {
			isa = PBXGroup;
			children = (
				A6FFDE872C2079A700B9AD18 /* Umufasha_App.app */,
				A6FFDE972C2079A900B9AD18 /* Umufasha_AppTests.xctest */,
				A6FFDEA12C2079A900B9AD18 /* Umufasha_AppUITests.xctest */,
			);
			name = Products;
			sourceTree = "<group>";
		};
		A6FFDE892C2079A700B9AD18 /* Umufasha_App */ = {
			isa = PBXGroup;
			children = (
				A6FFDE8A2C2079A700B9AD18 /* Umufasha_AppApp.swift */,
				A6FFDE8C2C2079A700B9AD18 /* ContentView.swift */,
				A6FFDE8E2C2079A900B9AD18 /* Assets.xcassets */,
				A6FFDE902C2079A900B9AD18 /* Preview Content */,
			);
			path = Umufasha_App;
			sourceTree = "<group>";
		};
		A6FFDE902C2079A900B9AD18 /* Preview Content */ = {
			isa = PBXGroup;
			children = (
				A6FFDE912C2079A900B9AD18 /* Preview Assets.xcassets */,
			);
			path = "Preview Content";
			sourceTree = "<group>";
		};
		A6FFDE9A2C2079A900B9AD18 /* Umufasha_AppTests */ = {
			isa = PBXGroup;
			children = (
				A6FFDE9B2C2079A900B9AD18 /* Umufasha_AppTests.swift */,
			);
			path = Umufasha_AppTests;
			sourceTree = "<group>";
		};
		A6FFDEA42C2079A900B9AD18 /* Umufasha_AppUITests */ = {
			isa = PBXGroup;
			children = (
				A6FFDEA52C2079A900B9AD18 /* Umufasha_AppUITests.swift */,
				A6FFDEA72C2079A900B9AD18 /* Umufasha_AppUITestsLaunchTests.swift */,
			);
			path = Umufasha_AppUITests;
			sourceTree = "<group>";
		};
/* End PBXGroup section */

/* Begin PBXNativeTarget section */
		A6FFDE862C2079A700B9AD18 /* Umufasha_App */ = {
			isa = PBXNativeTarget;
			buildConfigurationList = A6FFDEAB2C2079A900B9AD18 /* Build configuration list for PBXNativeTarget "Umufasha_App" */;
			buildPhases = (
				A6FFDE832C2079A700B9AD18 /* Sources */,
				A6FFDE842C2079A700B9AD18 /* Frameworks */,
				A6FFDE852C2079A700B9AD18 /* Resources */,
			);
			buildRules = (
			);
			dependencies = (
			);
			name = Umufasha_App;
			productName = Umufasha_App;
			productReference = A6FFDE872C2079A700B9AD18 /* Umufasha_App.app */;
			productType = "com.apple.product-type.application";
		};
		A6FFDE962C2079A900B9AD18 /* Umufasha_AppTests */ = {
			isa = PBXNativeTarget;
			buildConfigurationList = A6FFDEAE2C2079A900B9AD18 /* Build configuration list for PBXNativeTarget "Umufasha_AppTests" */;
			buildPhases = (
				A6FFDE932C2079A900B9AD18 /* Sources */,
				A6FFDE942C2079A900B9AD18 /* Frameworks */,
				A6FFDE952C2079A900B9AD18 /* Resources */,
			);
			buildRules = (
			);
			dependencies = (
				A6FFDE992C2079A900B9AD18 /* PBXTargetDependency */,
			);
			name = Umufasha_AppTests;
			productName = Umufasha_AppTests;
			productReference = A6FFDE972C2079A900B9AD18 /* Umufasha_AppTests.xctest */;
			productType = "com.apple.product-type.bundle.unit-test";
		};
		A6FFDEA02C2079A900B9AD18 /* Umufasha_AppUITests */ = {
			isa = PBXNativeTarget;
			buildConfigurationList = A6FFDEB12C2079A900B9AD18 /* Build configuration list for PBXNativeTarget "Umufasha_AppUITests" */;
			buildPhases = (
				A6FFDE9D2C2079A900B9AD18 /* Sources */,
				A6FFDE9E2C2079A900B9AD18 /* Frameworks */,
				A6FFDE9F2C2079A900B9AD18 /* Resources */,
			);
			buildRules = (
			);
			dependencies = (
				A6FFDEA32C2079A900B9AD18 /* PBXTargetDependency */,
			);
			name = Umufasha_AppUITests;
			productName = Umufasha_AppUITests;
			productReference = A6FFDEA12C2079A900B9AD18 /* Umufasha_AppUITests.xctest */;
			productType = "com.apple.product-type.bundle.ui-testing";
		};
/* End PBXNativeTarget section */

/* Begin PBXProject section */
		A6FFDE7F2C2079A700B9AD18 /* Project object */ = {
			isa = PBXProject;
			attributes = {
				BuildIndependentTargetsInParallel = 1;
				LastSwiftUpdateCheck = 1540;
				LastUpgradeCheck = 1540;
				TargetAttributes = {
					A6FFDE862C2079A700B9AD18 = {
						CreatedOnToolsVersion = 15.4;
					};
					A6FFDE962C2079A900B9AD18 = {
						CreatedOnToolsVersion = 15.4;
						TestTargetID = A6FFDE862C2079A700B9AD18;
					};
					A6FFDEA02C2079A900B9AD18 = {
						CreatedOnToolsVersion = 15.4;
						TestTargetID = A6FFDE862C2079A700B9AD18;
					};
				};
			};
			buildConfigurationList = A6FFDE822C2079A700B9AD18 /* Build configuration list for PBXProject "Umufasha_App" */;
			compatibilityVersion = "Xcode 14.0";
			developmentRegion = en;
			hasScannedForEncodings = 0;
			knownRegions = (
				en,
				Base,
			);
			mainGroup = A6FFDE7E2C2079A700B9AD18;
			productRefGroup = A6FFDE882C2079A700B9AD18 /* Products */;
			projectDirPath = "";
			projectRoot = "";
			targets = (
				A6FFDE862C2079A700B9AD18 /* Umufasha_App */,
				A6FFDE962C2079A900B9AD18 /* Umufasha_AppTests */,
				A6FFDEA02C2079A900B9AD18 /* Umufasha_AppUITests */,
			);
		};
/* End PBXProject section */

/* Begin PBXResourcesBuildPhase section */
		A6FFDE852C2079A700B9AD18 /* Resources */ = {
			isa = PBXResourcesBuildPhase;
			buildActionMask = 2147483647;
			files = (
				A6FFDE922C2079A900B9AD18 /* Preview Assets.xcassets in Resources */,
				A6FFDE8F2C2079A900B9AD18 /* Assets.xcassets in Resources */,
			);
			runOnlyForDeploymentPostprocessing = 0;
		};
		A6FFDE952C2079A900B9AD18 /* Resources */ = {
			isa = PBXResourcesBuildPhase;
			buildActionMask = 2147483647;
			files = (
			);
			runOnlyForDeploymentPostprocessing = 0;
		};
		A6FFDE9F2C2079A900B9AD18 /* Resources */ = {
			isa = PBXResourcesBuildPhase;
			buildActionMask = 2147483647;
			files = (
			);
			runOnlyForDeploymentPostprocessing = 0;
		};
/* End PBXResourcesBuildPhase section */

/* Begin PBXSourcesBuildPhase section */
		A6FFDE832C2079A700B9AD18 /* Sources */ = {
			isa = PBXSourcesBuildPhase;
			buildActionMask = 2147483647;
			files = (
				A6FFDE8D2C2079A700B9AD18 /* ContentView.swift in Sources */,
				A6FFDE8B2C2079A700B9AD18 /* Umufasha_AppApp.swift in Sources */,
			);
			runOnlyForDeploymentPostprocessing = 0;
		};
		A6FFDE932C2079A900B9AD18 /* Sources */ = {
			isa = PBXSourcesBuildPhase;
			buildActionMask = 2147483647;
			files = (
				A6FFDE9C2C2079A900B9AD18 /* Umufasha_AppTests.swift in Sources */,
			);
			runOnlyForDeploymentPostprocessing = 0;
		};
		A6FFDE9D2C2079A900B9AD18 /* Sources */ = {
			isa = PBXSourcesBuildPhase;
			buildActionMask = 2147483647;
			files = (
				A6FFDEA82C2079A900B9AD18 /* Umufasha_AppUITestsLaunchTests.swift in Sources */,
				A6FFDEA62C2079A900B9AD18 /* Umufasha_AppUITests.swift in Sources */,
			);
			runOnlyForDeploymentPostprocessing = 0;
		};
/* End PBXSourcesBuildPhase section */

/* Begin PBXTargetDependency section */
		A6FFDE992C2079A900B9AD18 /* PBXTargetDependency */ = {
			isa = PBXTargetDependency;
			target = A6FFDE862C2079A700B9AD18 /* Umufasha_App */;
			targetProxy = A6FFDE982C2079A900B9AD18 /* PBXContainerItemProxy */;
		};
		A6FFDEA32C2079A900B9AD18 /* PBXTargetDependency */ = {
			isa = PBXTargetDependency;
			target = A6FFDE862C2079A700B9AD18 /* Umufasha_App */;
			targetProxy = A6FFDEA22C2079A900B9AD18 /* PBXContainerItemProxy */;
		};
/* End PBXTargetDependency section */

/* Begin XCBuildConfiguration section */
		A6FFDEA92C2079A900B9AD18 /* Debug */ = {
			isa = XCBuildConfiguration;
			buildSettings = {
				ALWAYS_SEARCH_USER_PATHS = NO;
				ASSETCATALOG_COMPILER_GENERATE_SWIFT_ASSET_SYMBOL_EXTENSIONS = YES;
				CLANG_ANALYZER_NONNULL = YES;
				CLANG_ANALYZER_NUMBER_OBJECT_CONVERSION = YES_AGGRESSIVE;
				CLANG_CXX_LANGUAGE_STANDARD = "gnu++20";
				CLANG_ENABLE_MODULES = YES;
				CLANG_ENABLE_OBJC_ARC = YES;
				CLANG_ENABLE_OBJC_WEAK = YES;
				CLANG_WARN_BLOCK_CAPTURE_AUTORELEASING = YES;
				CLANG_WARN_BOOL_CONVERSION = YES;
				CLANG_WARN_COMMA = YES;
				CLANG_WARN_CONSTANT_CONVERSION = YES;
				CLANG_WARN_DEPRECATED_OBJC_IMPLEMENTATIONS = YES;
				CLANG_WARN_DIRECT_OBJC_ISA_USAGE = YES_ERROR;
				CLANG_WARN_DOCUMENTATION_COMMENTS = YES;
				CLANG_WARN_EMPTY_BODY = YES;
				CLANG_WARN_ENUM_CONVERSION = YES;
				CLANG_WARN_INFINITE_RECURSION = YES;
				CLANG_WARN_INT_CONVERSION = YES;
				CLANG_WARN_NON_LITERAL_NULL_CONVERSION = YES;
				CLANG_WARN_OBJC_IMPLICIT_RETAIN_SELF = YES;
				CLANG_WARN_OBJC_LITERAL_CONVERSION = YES;
				CLANG_WARN_OBJC_ROOT_CLASS = YES_ERROR;
				CLANG_WARN_QUOTED_INCLUDE_IN_FRAMEWORK_HEADER = YES;
				CLANG_WARN_RANGE_LOOP_ANALYSIS = YES;
				CLANG_WARN_STRICT_PROTOTYPES = YES;
				CLANG_WARN_SUSPICIOUS_MOVE = YES;
				CLANG_WARN_UNGUARDED_AVAILABILITY = YES_AGGRESSIVE;
				CLANG_WARN_UNREACHABLE_CODE = YES;
				CLANG_WARN__DUPLICATE_METHOD_MATCH = YES;
				COPY_PHASE_STRIP = NO;
				DEBUG_INFORMATION_FORMAT = dwarf;
				ENABLE_STRICT_OBJC_MSGSEND = YES;
				ENABLE_TESTABILITY = YES;
				ENABLE_USER_SCRIPT_SANDBOXING = YES;
				GCC_C_LANGUAGE_STANDARD = gnu17;
				GCC_DYNAMIC_NO_PIC = NO;
				GCC_NO_COMMON_BLOCKS = YES;
				GCC_OPTIMIZATION_LEVEL = 0;
				GCC_PREPROCESSOR_DEFINITIONS = (
					"DEBUG=1",
					"$(inherited)",
				);
				GCC_WARN_64_TO_32_BIT_CONVERSION = YES;
				GCC_WARN_ABOUT_RETURN_TYPE = YES_ERROR;
				GCC_WARN_UNDECLARED_SELECTOR = YES;
				GCC_WARN_UNINITIALIZED_AUTOS = YES_AGGRESSIVE;
				GCC_WARN_UNUSED_FUNCTION = YES;
				GCC_WARN_UNUSED_VARIABLE = YES;
				IPHONEOS_DEPLOYMENT_TARGET = 17.5;
				LOCALIZATION_PREFERS_STRING_CATALOGS = YES;
				MTL_ENABLE_DEBUG_INFO = INCLUDE_SOURCE;
				MTL_FAST_MATH = YES;
				ONLY_ACTIVE_ARCH = YES;
				SDKROOT = iphoneos;
				SWIFT_ACTIVE_COMPILATION_CONDITIONS = "DEBUG $(inherited)";
				SWIFT_OPTIMIZATION_LEVEL = "-Onone";
			};
			name = Debug;
		};
		A6FFDEAA2C2079A900B9AD18 /* Release */ = {
			isa = XCBuildConfiguration;
			buildSettings = {
				ALWAYS_SEARCH_USER_PATHS = NO;
				ASSETCATALOG_COMPILER_GENERATE_SWIFT_ASSET_SYMBOL_EXTENSIONS = YES;
				CLANG_ANALYZER_NONNULL = YES;
				CLANG_ANALYZER_NUMBER_OBJECT_CONVERSION = YES_AGGRESSIVE;
				CLANG_CXX_LANGUAGE_STANDARD = "gnu++20";
				CLANG_ENABLE_MODULES = YES;
				CLANG_ENABLE_OBJC_ARC = YES;
				CLANG_ENABLE_OBJC_WEAK = YES;
				CLANG_WARN_BLOCK_CAPTURE_AUTORELEASING = YES;
				CLANG_WARN_BOOL_CONVERSION = YES;
				CLANG_WARN_COMMA = YES;
				CLANG_WARN_CONSTANT_CONVERSION = YES;
				CLANG_WARN_DEPRECATED_OBJC_IMPLEMENTATIONS = YES;
				CLANG_WARN_DIRECT_OBJC_ISA_USAGE = YES_ERROR;
				CLANG_WARN_DOCUMENTATION_COMMENTS = YES;
				CLANG_WARN_EMPTY_BODY = YES;
				CLANG_WARN_ENUM_CONVERSION = YES;
				CLANG_WARN_INFINITE_RECURSION = YES;
				CLANG_WARN_INT_CONVERSION = YES;
				CLANG_WARN_NON_LITERAL_NULL_CONVERSION = YES;
				CLANG_WARN_OBJC_IMPLICIT_RETAIN_SELF = YES;
				CLANG_WARN_OBJC_LITERAL_CONVERSION = YES;
				CLANG_WARN_OBJC_ROOT_CLASS = YES_ERROR;
				CLANG_WARN_QUOTED_INCLUDE_IN_FRAMEWORK_HEADER = YES;
				CLANG_WARN_RANGE_LOOP_ANALYSIS = YES;
				CLANG_WARN_STRICT_PROTOTYPES = YES;
				CLANG_WARN_SUSPICIOUS_MOVE = YES;
				CLANG_WARN_UNGUARDED_AVAILABILITY = YES_AGGRESSIVE;
				CLANG_WARN_UNREACHABLE_CODE = YES;
				CLANG_WARN__DUPLICATE_METHOD_MATCH = YES;
				COPY_PHASE_STRIP = NO;
				DEBUG_INFORMATION_FORMAT = "dwarf-with-dsym";
				ENABLE_NS_ASSERTIONS = NO;
				ENABLE_STRICT_OBJC_MSGSEND = YES;
				ENABLE_USER_SCRIPT_SANDBOXING = YES;
				GCC_C_LANGUAGE_STANDARD = gnu17;
				GCC_NO_COMMON_BLOCKS = YES;
				GCC_WARN_64_TO_32_BIT_CONVERSION = YES;
				GCC_WARN_ABOUT_RETURN_TYPE = YES_ERROR;
				GCC_WARN_UNDECLARED_SELECTOR = YES;
				GCC_WARN_UNINITIALIZED_AUTOS = YES_AGGRESSIVE;
				GCC_WARN_UNUSED_FUNCTION = YES;
				GCC_WARN_UNUSED_VARIABLE = YES;
				IPHONEOS_DEPLOYMENT_TARGET = 17.5;
				LOCALIZATION_PREFERS_STRING_CATALOGS = YES;
				MTL_ENABLE_DEBUG_INFO = NO;
				MTL_FAST_MATH = YES;
				SDKROOT = iphoneos;
				SWIFT_COMPILATION_MODE = wholemodule;
				VALIDATE_PRODUCT = YES;
			};
			name = Release;
		};
		A6FFDEAC2C2079A900B9AD18 /* Debug */ = {
			isa = XCBuildConfiguration;
			buildSettings = {
				ASSETCATALOG_COMPILER_APPICON_NAME = AppIcon;
				ASSETCATALOG_COMPILER_GLOBAL_ACCENT_COLOR_NAME = AccentColor;
				CODE_SIGN_STYLE = Automatic;
				CURRENT_PROJECT_VERSION = 1;
				DEVELOPMENT_ASSET_PATHS = "\"Umufasha_App/Preview Content\"";
				ENABLE_PREVIEWS = YES;
				GENERATE_INFOPLIST_FILE = YES;
				INFOPLIST_KEY_UIApplicationSceneManifest_Generation = YES;
				INFOPLIST_KEY_UIApplicationSupportsIndirectInputEvents = YES;
				INFOPLIST_KEY_UILaunchScreen_Generation = YES;
				INFOPLIST_KEY_UISupportedInterfaceOrientations_iPad = "UIInterfaceOrientationPortrait UIInterfaceOrientationPortraitUpsideDown UIInterfaceOrientationLandscapeLeft UIInterfaceOrientationLandscapeRight";
				INFOPLIST_KEY_UISupportedInterfaceOrientations_iPhone = "UIInterfaceOrientationPortrait UIInterfaceOrientationLandscapeLeft UIInterfaceOrientationLandscapeRight";
				LD_RUNPATH_SEARCH_PATHS = (
					"$(inherited)",
					"@executable_path/Frameworks",
				);
				MARKETING_VERSION = 1.0;
				PRODUCT_BUNDLE_IDENTIFIER = "Umufasha.Umufasha-App";
				PRODUCT_NAME = "$(TARGET_NAME)";
				SWIFT_EMIT_LOC_STRINGS = YES;
				SWIFT_VERSION = 5.0;
				TARGETED_DEVICE_FAMILY = "1,2";
			};
			name = Debug;
		};
		A6FFDEAD2C2079A900B9AD18 /* Release */ = {
			isa = XCBuildConfiguration;
			buildSettings = {
				ASSETCATALOG_COMPILER_APPICON_NAME = AppIcon;
				ASSETCATALOG_COMPILER_GLOBAL_ACCENT_COLOR_NAME = AccentColor;
				CODE_SIGN_STYLE = Automatic;
				CURRENT_PROJECT_VERSION = 1;
				DEVELOPMENT_ASSET_PATHS = "\"Umufasha_App/Preview Content\"";
				ENABLE_PREVIEWS = YES;
				GENERATE_INFOPLIST_FILE = YES;
				INFOPLIST_KEY_UIApplicationSceneManifest_Generation = YES;
				INFOPLIST_KEY_UIApplicationSupportsIndirectInputEvents = YES;
				INFOPLIST_KEY_UILaunchScreen_Generation = YES;
				INFOPLIST_KEY_UISupportedInterfaceOrientations_iPad = "UIInterfaceOrientationPortrait UIInterfaceOrientationPortraitUpsideDown UIInterfaceOrientationLandscapeLeft UIInterfaceOrientationLandscapeRight";
				INFOPLIST_KEY_UISupportedInterfaceOrientations_iPhone = "UIInterfaceOrientationPortrait UIInterfaceOrientationLandscapeLeft UIInterfaceOrientationLandscapeRight";
				LD_RUNPATH_SEARCH_PATHS = (
					"$(inherited)",
					"@executable_path/Frameworks",
				);
				MARKETING_VERSION = 1.0;
				PRODUCT_BUNDLE_IDENTIFIER = "Umufasha.Umufasha-App";
				PRODUCT_NAME = "$(TARGET_NAME)";
				SWIFT_EMIT_LOC_STRINGS = YES;
				SWIFT_VERSION = 5.0;
				TARGETED_DEVICE_FAMILY = "1,2";
			};
			name = Release;
		};
		A6FFDEAF2C2079A900B9AD18 /* Debug */ = {
			isa = XCBuildConfiguration;
			buildSettings = {
				ALWAYS_EMBED_SWIFT_STANDARD_LIBRARIES = YES;
				BUNDLE_LOADER = "$(TEST_HOST)";
				CODE_SIGN_STYLE = Automatic;
				CURRENT_PROJECT_VERSION = 1;
				GENERATE_INFOPLIST_FILE = YES;
				IPHONEOS_DEPLOYMENT_TARGET = 17.5;
				MARKETING_VERSION = 1.0;
				PRODUCT_BUNDLE_IDENTIFIER = "Umufasha.Umufasha-AppTests";
				PRODUCT_NAME = "$(TARGET_NAME)";
				SWIFT_EMIT_LOC_STRINGS = NO;
				SWIFT_VERSION = 5.0;
				TARGETED_DEVICE_FAMILY = "1,2";
				TEST_HOST = "$(BUILT_PRODUCTS_DIR)/Umufasha_App.app/$(BUNDLE_EXECUTABLE_FOLDER_PATH)/Umufasha_App";
			};
			name = Debug;
		};
		A6FFDEB02C2079A900B9AD18 /* Release */ = {
			isa = XCBuildConfiguration;
			buildSettings = {
				ALWAYS_EMBED_SWIFT_STANDARD_LIBRARIES = YES;
				BUNDLE_LOADER = "$(TEST_HOST)";
				CODE_SIGN_STYLE = Automatic;
				CURRENT_PROJECT_VERSION = 1;
				GENERATE_INFOPLIST_FILE = YES;
				IPHONEOS_DEPLOYMENT_TARGET = 17.5;
				MARKETING_VERSION = 1.0;
				PRODUCT_BUNDLE_IDENTIFIER = "Umufasha.Umufasha-AppTests";
				PRODUCT_NAME = "$(TARGET_NAME)";
				SWIFT_EMIT_LOC_STRINGS = NO;
				SWIFT_VERSION = 5.0;
				TARGETED_DEVICE_FAMILY = "1,2";
				TEST_HOST = "$(BUILT_PRODUCTS_DIR)/Umufasha_App.app/$(BUNDLE_EXECUTABLE_FOLDER_PATH)/Umufasha_App";
			};
			name = Release;
		};
		A6FFDEB22C2079A900B9AD18 /* Debug */ = {
			isa = XCBuildConfiguration;
			buildSettings = {
				ALWAYS_EMBED_SWIFT_STANDARD_LIBRARIES = YES;
				CODE_SIGN_STYLE = Automatic;
				CURRENT_PROJECT_VERSION = 1;
				GENERATE_INFOPLIST_FILE = YES;
				MARKETING_VERSION = 1.0;
				PRODUCT_BUNDLE_IDENTIFIER = "Umufasha.Umufasha-AppUITests";
				PRODUCT_NAME = "$(TARGET_NAME)";
				SWIFT_EMIT_LOC_STRINGS = NO;
				SWIFT_VERSION = 5.0;
				TARGETED_DEVICE_FAMILY = "1,2";
				TEST_TARGET_NAME = Umufasha_App;
			};
			name = Debug;
		};
		A6FFDEB32C2079A900B9AD18 /* Release */ = {
			isa = XCBuildConfiguration;
			buildSettings = {
				ALWAYS_EMBED_SWIFT_STANDARD_LIBRARIES = YES;
				CODE_SIGN_STYLE = Automatic;
				CURRENT_PROJECT_VERSION = 1;
				GENERATE_INFOPLIST_FILE = YES;
				MARKETING_VERSION = 1.0;
				PRODUCT_BUNDLE_IDENTIFIER = "Umufasha.Umufasha-AppUITests";
				PRODUCT_NAME = "$(TARGET_NAME)";
				SWIFT_EMIT_LOC_STRINGS = NO;
				SWIFT_VERSION = 5.0;
				TARGETED_DEVICE_FAMILY = "1,2";
				TEST_TARGET_NAME = Umufasha_App;
			};
			name = Release;
		};
/* End XCBuildConfiguration section */

/* Begin XCConfigurationList section */
		A6FFDE822C2079A700B9AD18 /* Build configuration list for PBXProject "Umufasha_App" */ = {
			isa = XCConfigurationList;
			buildConfigurations = (
				A6FFDEA92C2079A900B9AD18 /* Debug */,
				A6FFDEAA2C2079A900B9AD18 /* Release */,
			);
			defaultConfigurationIsVisible = 0;
			defaultConfigurationName = Release;
		};
		A6FFDEAB2C2079A900B9AD18 /* Build configuration list for PBXNativeTarget "Umufasha_App" */ = {
			isa = XCConfigurationList;
			buildConfigurations = (
				A6FFDEAC2C2079A900B9AD18 /* Debug */,
				A6FFDEAD2C2079A900B9AD18 /* Release */,
			);
			defaultConfigurationIsVisible = 0;
			defaultConfigurationName = Release;
		};
		A6FFDEAE2C2079A900B9AD18 /* Build configuration list for PBXNativeTarget "Umufasha_AppTests" */ = {
			isa = XCConfigurationList;
			buildConfigurations = (
				A6FFDEAF2C2079A900B9AD18 /* Debug */,
				A6FFDEB02C2079A900B9AD18 /* Release */,
			);
			defaultConfigurationIsVisible = 0;
			defaultConfigurationName = Release;
		};
		A6FFDEB12C2079A900B9AD18 /* Build configuration list for PBXNativeTarget "Umufasha_AppUITests" */ = {
			isa = XCConfigurationList;
			buildConfigurations = (
				A6FFDEB22C2079A900B9AD18 /* Debug */,
				A6FFDEB32C2079A900B9AD18 /* Release */,
			);
			defaultConfigurationIsVisible = 0;
			defaultConfigurationName = Release;
		};
/* End XCConfigurationList section */
	};
	rootObject = A6FFDE7F2C2079A700B9AD18 /* Project object */;
}
